
Microsoft Visual Studio Solution File, Format Version 12.00
# Visual Studio Version 17
VisualStudioVersion = 17.13.35913.81
MinimumVisualStudioVersion = 10.0.40219.1
Project("{FAE04EC0-301F-11D3-BF4B-00C04F79EFBC}") = "DtsTest", "DtsTest\DtsTest.csproj", "{1552FE85-E3D7-4EE6-B6B8-A7E08FB5CB05}"
EndProject
Project("{FAE04EC0-301F-11D3-BF4B-00C04F79EFBC}") = "DtsParser", "DtsParser\DtsParser.csproj", "{911C9ACC-2D53-4076-9FCF-6B82199F7F19}"
EndProject
Global
	GlobalSection(SolutionConfigurationPlatforms) = preSolution
		Debug|Any CPU = Debug|Any CPU
		Release|Any CPU = Release|Any CPU
	EndGlobalSection
	GlobalSection(ProjectConfigurationPlatforms) = postSolution
		{1552FE85-E3D7-4EE6-B6B8-A7E08FB5CB05}.Debug|Any CPU.ActiveCfg = Debug|Any CPU
		{1552FE85-E3D7-4EE6-B6B8-A7E08FB5CB05}.Debug|Any CPU.Build.0 = Debug|Any CPU
		{1552FE85-E3D7-4EE6-B6B8-A7E08FB5CB05}.Release|Any CPU.ActiveCfg = Release|Any CPU
		{1552FE85-E3D7-4EE6-B6B8-A7E08FB5CB05}.Release|Any CPU.Build.0 = Release|Any CPU
		{911C9ACC-2D53-4076-9FCF-6B82199F7F19}.Debug|Any CPU.ActiveCfg = Debug|Any CPU
		{911C9ACC-2D53-4076-9FCF-6B82199F7F19}.Debug|Any CPU.Build.0 = Debug|Any CPU
		{911C9ACC-2D53-4076-9FCF-6B82199F7F19}.Release|Any CPU.ActiveCfg = Release|Any CPU
		{911C9ACC-2D53-4076-9FCF-6B82199F7F19}.Release|Any CPU.Build.0 = Release|Any CPU
	EndGlobalSection
	GlobalSection(SolutionProperties) = preSolution
		HideSolutionNode = FALSE
	EndGlobalSection
	GlobalSection(ExtensibilityGlobals) = postSolution
		SolutionGuid = {9C452676-D942-4063-8747-CF0E772DA1F4}
	EndGlobalSection
EndGlobal
